// !$*UTF8*$!
{
	archiveVersion = 1;
	classes = {
	};
	objectVersion = 56;
	objects = {

/* Begin PBXBuildFile section */
		32E2F57B3207FE1AD0DFB284 /* Pods_DemoListPhoto_DemoListPhotoUITests.framework in Frameworks */ = {isa = PBXBuildFile; fileRef = 58E9DE3739141BC43DA9FE76 /* Pods_DemoListPhoto_DemoListPhotoUITests.framework */; };
		5506530B2AEA6B8800B0552C /* Localizable.strings in Resources */ = {isa = PBXBuildFile; fileRef = 550F571A2AEA4DD50008D261 /* Localizable.strings */; };
		550F57172AEA3F550008D261 /* LocalizableConfig.swift in Sources */ = {isa = PBXBuildFile; fileRef = 550F57162AEA3F550008D261 /* LocalizableConfig.swift */; };
		552E79162AF093EC005F19A8 /* ExpandedTableViewController.swift in Sources */ = {isa = PBXBuildFile; fileRef = 552E79142AF093EC005F19A8 /* ExpandedTableViewController.swift */; };
		552E79172AF093EC005F19A8 /* ExpandedTableViewController.xib in Resources */ = {isa = PBXBuildFile; fileRef = 552E79152AF093EC005F19A8 /* ExpandedTableViewController.xib */; };
		552E791C2AF09E04005F19A8 /* ExpandedTableViewCell.swift in Sources */ = {isa = PBXBuildFile; fileRef = 552E791A2AF09E04005F19A8 /* ExpandedTableViewCell.swift */; };
		552E791D2AF09E04005F19A8 /* ExpandedTableViewCell.xib in Resources */ = {isa = PBXBuildFile; fileRef = 552E791B2AF09E04005F19A8 /* ExpandedTableViewCell.xib */; };
		552E79212AF0D077005F19A8 /* ExpandedData.swift in Sources */ = {isa = PBXBuildFile; fileRef = 552E79202AF0D077005F19A8 /* ExpandedData.swift */; };
		552E79242AF0D28B005F19A8 /* CellDataViewModel.swift in Sources */ = {isa = PBXBuildFile; fileRef = 552E79232AF0D28B005F19A8 /* CellDataViewModel.swift */; };
		5557EAFC2AE6510200DFB5E3 /* AppDelegate.swift in Sources */ = {isa = PBXBuildFile; fileRef = 5557EAFB2AE6510200DFB5E3 /* AppDelegate.swift */; };
		5557EAFE2AE6510200DFB5E3 /* SceneDelegate.swift in Sources */ = {isa = PBXBuildFile; fileRef = 5557EAFD2AE6510200DFB5E3 /* SceneDelegate.swift */; };
		5557EB002AE6510200DFB5E3 /* ViewController.swift in Sources */ = {isa = PBXBuildFile; fileRef = 5557EAFF2AE6510200DFB5E3 /* ViewController.swift */; };
		5557EB032AE6510200DFB5E3 /* Main.storyboard in Resources */ = {isa = PBXBuildFile; fileRef = 5557EB012AE6510200DFB5E3 /* Main.storyboard */; };
		5557EB082AE6510400DFB5E3 /* LaunchScreen.storyboard in Resources */ = {isa = PBXBuildFile; fileRef = 5557EB062AE6510400DFB5E3 /* LaunchScreen.storyboard */; };
		5557EB132AE6510400DFB5E3 /* DemoListPhotoTests.swift in Sources */ = {isa = PBXBuildFile; fileRef = 5557EB122AE6510400DFB5E3 /* DemoListPhotoTests.swift */; };
		5557EB1D2AE6510400DFB5E3 /* DemoListPhotoUITests.swift in Sources */ = {isa = PBXBuildFile; fileRef = 5557EB1C2AE6510400DFB5E3 /* DemoListPhotoUITests.swift */; };
		5557EB1F2AE6510400DFB5E3 /* DemoListPhotoUITestsLaunchTests.swift in Sources */ = {isa = PBXBuildFile; fileRef = 5557EB1E2AE6510400DFB5E3 /* DemoListPhotoUITestsLaunchTests.swift */; };
		5557EB302AE651BD00DFB5E3 /* APIService.swift in Sources */ = {isa = PBXBuildFile; fileRef = 5557EB2F2AE651BD00DFB5E3 /* APIService.swift */; };
		5557EB322AE65D3200DFB5E3 /* PhotoModel.swift in Sources */ = {isa = PBXBuildFile; fileRef = 5557EB312AE65D3200DFB5E3 /* PhotoModel.swift */; };
		5557EB342AE663C400DFB5E3 /* PhotoViewModel.swift in Sources */ = {isa = PBXBuildFile; fileRef = 5557EB332AE663C400DFB5E3 /* PhotoViewModel.swift */; };
		5557EB382AE66F3E00DFB5E3 /* PhotoTableViewCell.swift in Sources */ = {isa = PBXBuildFile; fileRef = 5557EB362AE66F3E00DFB5E3 /* PhotoTableViewCell.swift */; };
		5557EB392AE66F3E00DFB5E3 /* PhotoTableViewCell.xib in Resources */ = {isa = PBXBuildFile; fileRef = 5557EB372AE66F3E00DFB5E3 /* PhotoTableViewCell.xib */; };
		557D572D2AE6B9D300ED1A14 /* CacheData.swift in Sources */ = {isa = PBXBuildFile; fileRef = 557D572C2AE6B9D300ED1A14 /* CacheData.swift */; };
		55872AA62AEF50180024F0CD /* CustomButton.swift in Sources */ = {isa = PBXBuildFile; fileRef = 55872AA52AEF50180024F0CD /* CustomButton.swift */; };
		5592C33F2AEF845100A4637B /* Colors.swift in Sources */ = {isa = PBXBuildFile; fileRef = 5592C33E2AEF845100A4637B /* Colors.swift */; };
		559E33BD2AE7601F00B674C6 /* Assets.xcassets in Resources */ = {isa = PBXBuildFile; fileRef = 559E33BC2AE7601F00B674C6 /* Assets.xcassets */; };
		559E33CB2AE7AA1300B674C6 /* DescriptionViewController.swift in Sources */ = {isa = PBXBuildFile; fileRef = 559E33C92AE7AA1300B674C6 /* DescriptionViewController.swift */; };
		559E33CC2AE7AA1300B674C6 /* DescriptionViewController.xib in Resources */ = {isa = PBXBuildFile; fileRef = 559E33CA2AE7AA1300B674C6 /* DescriptionViewController.xib */; };
		55BA2B9A2AEBB3B200F1C550 /* VideoPlayViewController.swift in Sources */ = {isa = PBXBuildFile; fileRef = 55BA2B982AEBB3B200F1C550 /* VideoPlayViewController.swift */; };
		55BA2B9B2AEBB3B200F1C550 /* VideoPlayViewController.xib in Resources */ = {isa = PBXBuildFile; fileRef = 55BA2B992AEBB3B200F1C550 /* VideoPlayViewController.xib */; };
		55BA2B9F2AEBB5EF00F1C550 /* test.mp4 in Resources */ = {isa = PBXBuildFile; fileRef = 55BA2B9E2AEBB55200F1C550 /* test.mp4 */; };
		55BA2BA22AEBBC4F00F1C550 /* CustomGradientLabelView.swift in Sources */ = {isa = PBXBuildFile; fileRef = 55BA2BA12AEBBC4F00F1C550 /* CustomGradientLabelView.swift */; };
		F079F30190E37FC7A46245CF /* Pods_DemoListPhoto.framework in Frameworks */ = {isa = PBXBuildFile; fileRef = 16C2CBE84E61BE181135E05C /* Pods_DemoListPhoto.framework */; };
		FCBA9E21BFD3B15FB829376B /* Pods_DemoListPhotoTests.framework in Frameworks */ = {isa = PBXBuildFile; fileRef = 7F06CC6A254DC5652C08C73D /* Pods_DemoListPhotoTests.framework */; };
/* End PBXBuildFile section */

/* Begin PBXContainerItemProxy section */
		5557EB0F2AE6510400DFB5E3 /* PBXContainerItemProxy */ = {
			isa = PBXContainerItemProxy;
			containerPortal = 5557EAF02AE6510200DFB5E3 /* Project object */;
			proxyType = 1;
			remoteGlobalIDString = 5557EAF72AE6510200DFB5E3;
			remoteInfo = DemoListPhoto;
		};
		5557EB192AE6510400DFB5E3 /* PBXContainerItemProxy */ = {
			isa = PBXContainerItemProxy;
			containerPortal = 5557EAF02AE6510200DFB5E3 /* Project object */;
			proxyType = 1;
			remoteGlobalIDString = 5557EAF72AE6510200DFB5E3;
			remoteInfo = DemoListPhoto;
		};
/* End PBXContainerItemProxy section */

/* Begin PBXFileReference section */
		0EC2A32A2F8F1E54CD712403 /* Pods-DemoListPhoto.release.xcconfig */ = {isa = PBXFileReference; includeInIndex = 1; lastKnownFileType = text.xcconfig; name = "Pods-DemoListPhoto.release.xcconfig"; path = "Target Support Files/Pods-DemoListPhoto/Pods-DemoListPhoto.release.xcconfig"; sourceTree = "<group>"; };
		16C2CBE84E61BE181135E05C /* Pods_DemoListPhoto.framework */ = {isa = PBXFileReference; explicitFileType = wrapper.framework; includeInIndex = 0; path = Pods_DemoListPhoto.framework; sourceTree = BUILT_PRODUCTS_DIR; };
		2E879B44A5070C5822BCB224 /* Pods-DemoListPhotoTests.release.xcconfig */ = {isa = PBXFileReference; includeInIndex = 1; lastKnownFileType = text.xcconfig; name = "Pods-DemoListPhotoTests.release.xcconfig"; path = "Target Support Files/Pods-DemoListPhotoTests/Pods-DemoListPhotoTests.release.xcconfig"; sourceTree = "<group>"; };
		4BF52B741B0C506FBC3DB4B2 /* Pods-DemoListPhoto.debug.xcconfig */ = {isa = PBXFileReference; includeInIndex = 1; lastKnownFileType = text.xcconfig; name = "Pods-DemoListPhoto.debug.xcconfig"; path = "Target Support Files/Pods-DemoListPhoto/Pods-DemoListPhoto.debug.xcconfig"; sourceTree = "<group>"; };
		550F57162AEA3F550008D261 /* LocalizableConfig.swift */ = {isa = PBXFileReference; lastKnownFileType = sourcecode.swift; path = LocalizableConfig.swift; sourceTree = "<group>"; };
		550F57192AEA4DD50008D261 /* en */ = {isa = PBXFileReference; lastKnownFileType = text.plist.strings; name = en; path = en.lproj/Localizable.strings; sourceTree = "<group>"; };
		550F571B2AEA4DF20008D261 /* vi */ = {isa = PBXFileReference; lastKnownFileType = text.plist.strings; name = vi; path = vi.lproj/Localizable.strings; sourceTree = "<group>"; };
		550F571C2AEA4E050008D261 /* ko */ = {isa = PBXFileReference; lastKnownFileType = text.plist.strings; name = ko; path = ko.lproj/Localizable.strings; sourceTree = "<group>"; };
		55229DF22AE8BACC00932FCA /* DemoRxSwift.playground */ = {isa = PBXFileReference; lastKnownFileType = file.playground; path = DemoRxSwift.playground; sourceTree = "<group>"; xcLanguageSpecificationIdentifier = xcode.lang.swift; };
		552E79142AF093EC005F19A8 /* ExpandedTableViewController.swift */ = {isa = PBXFileReference; lastKnownFileType = sourcecode.swift; path = ExpandedTableViewController.swift; sourceTree = "<group>"; };
		552E79152AF093EC005F19A8 /* ExpandedTableViewController.xib */ = {isa = PBXFileReference; lastKnownFileType = file.xib; path = ExpandedTableViewController.xib; sourceTree = "<group>"; };
		552E791A2AF09E04005F19A8 /* ExpandedTableViewCell.swift */ = {isa = PBXFileReference; lastKnownFileType = sourcecode.swift; path = ExpandedTableViewCell.swift; sourceTree = "<group>"; };
		552E791B2AF09E04005F19A8 /* ExpandedTableViewCell.xib */ = {isa = PBXFileReference; lastKnownFileType = file.xib; path = ExpandedTableViewCell.xib; sourceTree = "<group>"; };
		552E79202AF0D077005F19A8 /* ExpandedData.swift */ = {isa = PBXFileReference; lastKnownFileType = sourcecode.swift; path = ExpandedData.swift; sourceTree = "<group>"; };
		552E79232AF0D28B005F19A8 /* CellDataViewModel.swift */ = {isa = PBXFileReference; lastKnownFileType = sourcecode.swift; path = CellDataViewModel.swift; sourceTree = "<group>"; };
		5557EAF82AE6510200DFB5E3 /* DemoListPhoto.app */ = {isa = PBXFileReference; explicitFileType = wrapper.application; includeInIndex = 0; path = DemoListPhoto.app; sourceTree = BUILT_PRODUCTS_DIR; };
		5557EAFB2AE6510200DFB5E3 /* AppDelegate.swift */ = {isa = PBXFileReference; lastKnownFileType = sourcecode.swift; path = AppDelegate.swift; sourceTree = "<group>"; };
		5557EAFD2AE6510200DFB5E3 /* SceneDelegate.swift */ = {isa = PBXFileReference; lastKnownFileType = sourcecode.swift; path = SceneDelegate.swift; sourceTree = "<group>"; };
		5557EAFF2AE6510200DFB5E3 /* ViewController.swift */ = {isa = PBXFileReference; lastKnownFileType = sourcecode.swift; path = ViewController.swift; sourceTree = "<group>"; };
		5557EB022AE6510200DFB5E3 /* Base */ = {isa = PBXFileReference; lastKnownFileType = file.storyboard; name = Base; path = Base.lproj/Main.storyboard; sourceTree = "<group>"; };
		5557EB072AE6510400DFB5E3 /* Base */ = {isa = PBXFileReference; lastKnownFileType = file.storyboard; name = Base; path = Base.lproj/LaunchScreen.storyboard; sourceTree = "<group>"; };
		5557EB092AE6510400DFB5E3 /* Info.plist */ = {isa = PBXFileReference; lastKnownFileType = text.plist.xml; path = Info.plist; sourceTree = "<group>"; };
		5557EB0E2AE6510400DFB5E3 /* DemoListPhotoTests.xctest */ = {isa = PBXFileReference; explicitFileType = wrapper.cfbundle; includeInIndex = 0; path = DemoListPhotoTests.xctest; sourceTree = BUILT_PRODUCTS_DIR; };
		5557EB122AE6510400DFB5E3 /* DemoListPhotoTests.swift */ = {isa = PBXFileReference; lastKnownFileType = sourcecode.swift; path = DemoListPhotoTests.swift; sourceTree = "<group>"; };
		5557EB182AE6510400DFB5E3 /* DemoListPhotoUITests.xctest */ = {isa = PBXFileReference; explicitFileType = wrapper.cfbundle; includeInIndex = 0; path = DemoListPhotoUITests.xctest; sourceTree = BUILT_PRODUCTS_DIR; };
		5557EB1C2AE6510400DFB5E3 /* DemoListPhotoUITests.swift */ = {isa = PBXFileReference; lastKnownFileType = sourcecode.swift; path = DemoListPhotoUITests.swift; sourceTree = "<group>"; };
		5557EB1E2AE6510400DFB5E3 /* DemoListPhotoUITestsLaunchTests.swift */ = {isa = PBXFileReference; lastKnownFileType = sourcecode.swift; path = DemoListPhotoUITestsLaunchTests.swift; sourceTree = "<group>"; };
		5557EB2F2AE651BD00DFB5E3 /* APIService.swift */ = {isa = PBXFileReference; lastKnownFileType = sourcecode.swift; path = APIService.swift; sourceTree = "<group>"; };
		5557EB312AE65D3200DFB5E3 /* PhotoModel.swift */ = {isa = PBXFileReference; lastKnownFileType = sourcecode.swift; path = PhotoModel.swift; sourceTree = "<group>"; };
		5557EB332AE663C400DFB5E3 /* PhotoViewModel.swift */ = {isa = PBXFileReference; lastKnownFileType = sourcecode.swift; path = PhotoViewModel.swift; sourceTree = "<group>"; };
		5557EB362AE66F3E00DFB5E3 /* PhotoTableViewCell.swift */ = {isa = PBXFileReference; lastKnownFileType = sourcecode.swift; path = PhotoTableViewCell.swift; sourceTree = "<group>"; };
		5557EB372AE66F3E00DFB5E3 /* PhotoTableViewCell.xib */ = {isa = PBXFileReference; lastKnownFileType = file.xib; path = PhotoTableViewCell.xib; sourceTree = "<group>"; };
		557D572C2AE6B9D300ED1A14 /* CacheData.swift */ = {isa = PBXFileReference; lastKnownFileType = sourcecode.swift; path = CacheData.swift; sourceTree = "<group>"; };
		55872AA52AEF50180024F0CD /* CustomButton.swift */ = {isa = PBXFileReference; lastKnownFileType = sourcecode.swift; path = CustomButton.swift; sourceTree = "<group>"; };
		5592C33E2AEF845100A4637B /* Colors.swift */ = {isa = PBXFileReference; lastKnownFileType = sourcecode.swift; path = Colors.swift; sourceTree = "<group>"; };
		559E33BC2AE7601F00B674C6 /* Assets.xcassets */ = {isa = PBXFileReference; lastKnownFileType = folder.assetcatalog; path = Assets.xcassets; sourceTree = "<group>"; };
		559E33C92AE7AA1300B674C6 /* DescriptionViewController.swift */ = {isa = PBXFileReference; lastKnownFileType = sourcecode.swift; path = DescriptionViewController.swift; sourceTree = "<group>"; };
		559E33CA2AE7AA1300B674C6 /* DescriptionViewController.xib */ = {isa = PBXFileReference; lastKnownFileType = file.xib; path = DescriptionViewController.xib; sourceTree = "<group>"; };
		55BA2B982AEBB3B200F1C550 /* VideoPlayViewController.swift */ = {isa = PBXFileReference; lastKnownFileType = sourcecode.swift; path = VideoPlayViewController.swift; sourceTree = "<group>"; };
		55BA2B992AEBB3B200F1C550 /* VideoPlayViewController.xib */ = {isa = PBXFileReference; lastKnownFileType = file.xib; path = VideoPlayViewController.xib; sourceTree = "<group>"; };
		55BA2B9D2AEBB55200F1C550 /* Base */ = {isa = PBXFileReference; lastKnownFileType = file; name = Base; path = Base.lproj/test.mp4; sourceTree = "<group>"; };
		55BA2BA12AEBBC4F00F1C550 /* CustomGradientLabelView.swift */ = {isa = PBXFileReference; lastKnownFileType = sourcecode.swift; path = CustomGradientLabelView.swift; sourceTree = "<group>"; };
		58E9DE3739141BC43DA9FE76 /* Pods_DemoListPhoto_DemoListPhotoUITests.framework */ = {isa = PBXFileReference; explicitFileType = wrapper.framework; includeInIndex = 0; path = Pods_DemoListPhoto_DemoListPhotoUITests.framework; sourceTree = BUILT_PRODUCTS_DIR; };
		709C1548DFF6D2D238CF64A7 /* Pods-DemoListPhoto-DemoListPhotoUITests.debug.xcconfig */ = {isa = PBXFileReference; includeInIndex = 1; lastKnownFileType = text.xcconfig; name = "Pods-DemoListPhoto-DemoListPhotoUITests.debug.xcconfig"; path = "Target Support Files/Pods-DemoListPhoto-DemoListPhotoUITests/Pods-DemoListPhoto-DemoListPhotoUITests.debug.xcconfig"; sourceTree = "<group>"; };
		7F06CC6A254DC5652C08C73D /* Pods_DemoListPhotoTests.framework */ = {isa = PBXFileReference; explicitFileType = wrapper.framework; includeInIndex = 0; path = Pods_DemoListPhotoTests.framework; sourceTree = BUILT_PRODUCTS_DIR; };
		9A0F36CDA693BEC800AE053D /* Pods-DemoListPhotoTests.debug.xcconfig */ = {isa = PBXFileReference; includeInIndex = 1; lastKnownFileType = text.xcconfig; name = "Pods-DemoListPhotoTests.debug.xcconfig"; path = "Target Support Files/Pods-DemoListPhotoTests/Pods-DemoListPhotoTests.debug.xcconfig"; sourceTree = "<group>"; };
		DAE0E2FD282852237351BE96 /* Pods-DemoListPhoto-DemoListPhotoUITests.release.xcconfig */ = {isa = PBXFileReference; includeInIndex = 1; lastKnownFileType = text.xcconfig; name = "Pods-DemoListPhoto-DemoListPhotoUITests.release.xcconfig"; path = "Target Support Files/Pods-DemoListPhoto-DemoListPhotoUITests/Pods-DemoListPhoto-DemoListPhotoUITests.release.xcconfig"; sourceTree = "<group>"; };
/* End PBXFileReference section */

/* Begin PBXFrameworksBuildPhase section */
		5557EAF52AE6510200DFB5E3 /* Frameworks */ = {
			isa = PBXFrameworksBuildPhase;
			buildActionMask = 2147483647;
			files = (
				F079F30190E37FC7A46245CF /* Pods_DemoListPhoto.framework in Frameworks */,
			);
			runOnlyForDeploymentPostprocessing = 0;
		};
		5557EB0B2AE6510400DFB5E3 /* Frameworks */ = {
			isa = PBXFrameworksBuildPhase;
			buildActionMask = 2147483647;
			files = (
				FCBA9E21BFD3B15FB829376B /* Pods_DemoListPhotoTests.framework in Frameworks */,
			);
			runOnlyForDeploymentPostprocessing = 0;
		};
		5557EB152AE6510400DFB5E3 /* Frameworks */ = {
			isa = PBXFrameworksBuildPhase;
			buildActionMask = 2147483647;
			files = (
				32E2F57B3207FE1AD0DFB284 /* Pods_DemoListPhoto_DemoListPhotoUITests.framework in Frameworks */,
			);
			runOnlyForDeploymentPostprocessing = 0;
		};
/* End PBXFrameworksBuildPhase section */

/* Begin PBXGroup section */
		550F57152AEA3F360008D261 /* Localizable */ = {
			isa = PBXGroup;
			children = (
				550F57162AEA3F550008D261 /* LocalizableConfig.swift */,
			);
			path = Localizable;
			sourceTree = "<group>";
		};
		552E79132AF093CA005F19A8 /* ExpandedTableView */ = {
			isa = PBXGroup;
			children = (
				552E79182AF09DD2005F19A8 /* TableView */,
				552E79192AF09DE6005F19A8 /* TableViewCell */,
				552E79222AF0D271005F19A8 /* DataViewModel */,
				552E791F2AF0D058005F19A8 /* Data */,
			);
			path = ExpandedTableView;
			sourceTree = "<group>";
		};
		552E79182AF09DD2005F19A8 /* TableView */ = {
			isa = PBXGroup;
			children = (
				552E79142AF093EC005F19A8 /* ExpandedTableViewController.swift */,
				552E79152AF093EC005F19A8 /* ExpandedTableViewController.xib */,
			);
			path = TableView;
			sourceTree = "<group>";
		};
		552E79192AF09DE6005F19A8 /* TableViewCell */ = {
			isa = PBXGroup;
			children = (
				552E791A2AF09E04005F19A8 /* ExpandedTableViewCell.swift */,
				552E791B2AF09E04005F19A8 /* ExpandedTableViewCell.xib */,
			);
			path = TableViewCell;
			sourceTree = "<group>";
		};
		552E791F2AF0D058005F19A8 /* Data */ = {
			isa = PBXGroup;
			children = (
				552E79202AF0D077005F19A8 /* ExpandedData.swift */,
			);
			path = Data;
			sourceTree = "<group>";
		};
		552E79222AF0D271005F19A8 /* DataViewModel */ = {
			isa = PBXGroup;
			children = (
				552E79232AF0D28B005F19A8 /* CellDataViewModel.swift */,
			);
			path = DataViewModel;
			sourceTree = "<group>";
		};
		5557EAEF2AE6510200DFB5E3 = {
			isa = PBXGroup;
			children = (
				550F571A2AEA4DD50008D261 /* Localizable.strings */,
				55229DF22AE8BACC00932FCA /* DemoRxSwift.playground */,
				5557EAFA2AE6510200DFB5E3 /* DemoListPhoto */,
				5557EB112AE6510400DFB5E3 /* DemoListPhotoTests */,
				5557EB1B2AE6510400DFB5E3 /* DemoListPhotoUITests */,
				5557EAF92AE6510200DFB5E3 /* Products */,
				A2CCA06052D8FC6754436DE5 /* Pods */,
				61EBBF30409C7B2EA5694726 /* Frameworks */,
			);
			sourceTree = "<group>";
		};
		5557EAF92AE6510200DFB5E3 /* Products */ = {
			isa = PBXGroup;
			children = (
				5557EAF82AE6510200DFB5E3 /* DemoListPhoto.app */,
				5557EB0E2AE6510400DFB5E3 /* DemoListPhotoTests.xctest */,
				5557EB182AE6510400DFB5E3 /* DemoListPhotoUITests.xctest */,
			);
			name = Products;
			sourceTree = "<group>";
		};
		5557EAFA2AE6510200DFB5E3 /* DemoListPhoto */ = {
			isa = PBXGroup;
			children = (
				5592C33D2AEF844300A4637B /* Constraints */,
				55BA2BA02AEBBC3000F1C550 /* CustomView */,
				55BA2B972AEBB39D00F1C550 /* PlayVideo */,
				550F57152AEA3F360008D261 /* Localizable */,
				5557EB2E2AE651A300DFB5E3 /* Service */,
				552E79132AF093CA005F19A8 /* ExpandedTableView */,
				5557EB2D2AE6518F00DFB5E3 /* View */,
				5557EB2C2AE6517B00DFB5E3 /* ViewModel */,
				5557EB2B2AE6516A00DFB5E3 /* Model */,
				5557EAFB2AE6510200DFB5E3 /* AppDelegate.swift */,
				5557EAFD2AE6510200DFB5E3 /* SceneDelegate.swift */,
				5557EAFF2AE6510200DFB5E3 /* ViewController.swift */,
				559E33BC2AE7601F00B674C6 /* Assets.xcassets */,
				5557EB012AE6510200DFB5E3 /* Main.storyboard */,
				5557EB062AE6510400DFB5E3 /* LaunchScreen.storyboard */,
				5557EB092AE6510400DFB5E3 /* Info.plist */,
			);
			path = DemoListPhoto;
			sourceTree = "<group>";
		};
		5557EB112AE6510400DFB5E3 /* DemoListPhotoTests */ = {
			isa = PBXGroup;
			children = (
				5557EB122AE6510400DFB5E3 /* DemoListPhotoTests.swift */,
			);
			path = DemoListPhotoTests;
			sourceTree = "<group>";
		};
		5557EB1B2AE6510400DFB5E3 /* DemoListPhotoUITests */ = {
			isa = PBXGroup;
			children = (
				5557EB1C2AE6510400DFB5E3 /* DemoListPhotoUITests.swift */,
				5557EB1E2AE6510400DFB5E3 /* DemoListPhotoUITestsLaunchTests.swift */,
			);
			path = DemoListPhotoUITests;
			sourceTree = "<group>";
		};
		5557EB2B2AE6516A00DFB5E3 /* Model */ = {
			isa = PBXGroup;
			children = (
				5557EB312AE65D3200DFB5E3 /* PhotoModel.swift */,
			);
			path = Model;
			sourceTree = "<group>";
		};
		5557EB2C2AE6517B00DFB5E3 /* ViewModel */ = {
			isa = PBXGroup;
			children = (
				5557EB332AE663C400DFB5E3 /* PhotoViewModel.swift */,
			);
			path = ViewModel;
			sourceTree = "<group>";
		};
		5557EB2D2AE6518F00DFB5E3 /* View */ = {
			isa = PBXGroup;
			children = (
				559E33BE2AE7A1EA00B674C6 /* SecondScreen */,
				5557EB352AE66F1500DFB5E3 /* PhotoViewCell */,
			);
			path = View;
			sourceTree = "<group>";
		};
		5557EB2E2AE651A300DFB5E3 /* Service */ = {
			isa = PBXGroup;
			children = (
				5557EB2F2AE651BD00DFB5E3 /* APIService.swift */,
				557D572C2AE6B9D300ED1A14 /* CacheData.swift */,
			);
			path = Service;
			sourceTree = "<group>";
		};
		5557EB352AE66F1500DFB5E3 /* PhotoViewCell */ = {
			isa = PBXGroup;
			children = (
				5557EB362AE66F3E00DFB5E3 /* PhotoTableViewCell.swift */,
				5557EB372AE66F3E00DFB5E3 /* PhotoTableViewCell.xib */,
			);
			path = PhotoViewCell;
			sourceTree = "<group>";
		};
		5592C33D2AEF844300A4637B /* Constraints */ = {
			isa = PBXGroup;
			children = (
				5592C33E2AEF845100A4637B /* Colors.swift */,
			);
			path = Constraints;
			sourceTree = "<group>";
		};
		559E33BE2AE7A1EA00B674C6 /* SecondScreen */ = {
			isa = PBXGroup;
			children = (
				559E33C92AE7AA1300B674C6 /* DescriptionViewController.swift */,
				559E33CA2AE7AA1300B674C6 /* DescriptionViewController.xib */,
			);
			path = SecondScreen;
			sourceTree = "<group>";
		};
		55BA2B972AEBB39D00F1C550 /* PlayVideo */ = {
			isa = PBXGroup;
			children = (
				55BA2B9E2AEBB55200F1C550 /* test.mp4 */,
				55BA2B982AEBB3B200F1C550 /* VideoPlayViewController.swift */,
				55BA2B992AEBB3B200F1C550 /* VideoPlayViewController.xib */,
			);
			path = PlayVideo;
			sourceTree = "<group>";
		};
		55BA2BA02AEBBC3000F1C550 /* CustomView */ = {
			isa = PBXGroup;
			children = (
				55BA2BA12AEBBC4F00F1C550 /* CustomGradientLabelView.swift */,
				55872AA52AEF50180024F0CD /* CustomButton.swift */,
			);
			path = CustomView;
			sourceTree = "<group>";
		};
		61EBBF30409C7B2EA5694726 /* Frameworks */ = {
			isa = PBXGroup;
			children = (
				16C2CBE84E61BE181135E05C /* Pods_DemoListPhoto.framework */,
				58E9DE3739141BC43DA9FE76 /* Pods_DemoListPhoto_DemoListPhotoUITests.framework */,
				7F06CC6A254DC5652C08C73D /* Pods_DemoListPhotoTests.framework */,
			);
			name = Frameworks;
			sourceTree = "<group>";
		};
		A2CCA06052D8FC6754436DE5 /* Pods */ = {
			isa = PBXGroup;
			children = (
				4BF52B741B0C506FBC3DB4B2 /* Pods-DemoListPhoto.debug.xcconfig */,
				0EC2A32A2F8F1E54CD712403 /* Pods-DemoListPhoto.release.xcconfig */,
				709C1548DFF6D2D238CF64A7 /* Pods-DemoListPhoto-DemoListPhotoUITests.debug.xcconfig */,
				DAE0E2FD282852237351BE96 /* Pods-DemoListPhoto-DemoListPhotoUITests.release.xcconfig */,
				9A0F36CDA693BEC800AE053D /* Pods-DemoListPhotoTests.debug.xcconfig */,
				2E879B44A5070C5822BCB224 /* Pods-DemoListPhotoTests.release.xcconfig */,
			);
			path = Pods;
			sourceTree = "<group>";
		};
/* End PBXGroup section */

/* Begin PBXNativeTarget section */
		5557EAF72AE6510200DFB5E3 /* DemoListPhoto */ = {
			isa = PBXNativeTarget;
			buildConfigurationList = 5557EB222AE6510400DFB5E3 /* Build configuration list for PBXNativeTarget "DemoListPhoto" */;
			buildPhases = (
				2E48FBE003BA36F94AC4BDC5 /* [CP] Check Pods Manifest.lock */,
				5557EAF42AE6510200DFB5E3 /* Sources */,
				5557EAF52AE6510200DFB5E3 /* Frameworks */,
				5557EAF62AE6510200DFB5E3 /* Resources */,
				30EDD2E5E21E1EE8E33F53EC /* [CP] Embed Pods Frameworks */,
			);
			buildRules = (
			);
			dependencies = (
			);
			name = DemoListPhoto;
			productName = DemoListPhoto;
			productReference = 5557EAF82AE6510200DFB5E3 /* DemoListPhoto.app */;
			productType = "com.apple.product-type.application";
		};
		5557EB0D2AE6510400DFB5E3 /* DemoListPhotoTests */ = {
			isa = PBXNativeTarget;
			buildConfigurationList = 5557EB252AE6510400DFB5E3 /* Build configuration list for PBXNativeTarget "DemoListPhotoTests" */;
			buildPhases = (
				6B4A4BEB529365F9D00E94F1 /* [CP] Check Pods Manifest.lock */,
				5557EB0A2AE6510400DFB5E3 /* Sources */,
				5557EB0B2AE6510400DFB5E3 /* Frameworks */,
				5557EB0C2AE6510400DFB5E3 /* Resources */,
			);
			buildRules = (
			);
			dependencies = (
				5557EB102AE6510400DFB5E3 /* PBXTargetDependency */,
			);
			name = DemoListPhotoTests;
			productName = DemoListPhotoTests;
			productReference = 5557EB0E2AE6510400DFB5E3 /* DemoListPhotoTests.xctest */;
			productType = "com.apple.product-type.bundle.unit-test";
		};
		5557EB172AE6510400DFB5E3 /* DemoListPhotoUITests */ = {
			isa = PBXNativeTarget;
			buildConfigurationList = 5557EB282AE6510400DFB5E3 /* Build configuration list for PBXNativeTarget "DemoListPhotoUITests" */;
			buildPhases = (
				5C70877386C374880D90942F /* [CP] Check Pods Manifest.lock */,
				5557EB142AE6510400DFB5E3 /* Sources */,
				5557EB152AE6510400DFB5E3 /* Frameworks */,
				5557EB162AE6510400DFB5E3 /* Resources */,
				63DBD6707450D4B415C5A645 /* [CP] Embed Pods Frameworks */,
			);
			buildRules = (
			);
			dependencies = (
				5557EB1A2AE6510400DFB5E3 /* PBXTargetDependency */,
			);
			name = DemoListPhotoUITests;
			productName = DemoListPhotoUITests;
			productReference = 5557EB182AE6510400DFB5E3 /* DemoListPhotoUITests.xctest */;
			productType = "com.apple.product-type.bundle.ui-testing";
		};
/* End PBXNativeTarget section */

/* Begin PBXProject section */
		5557EAF02AE6510200DFB5E3 /* Project object */ = {
			isa = PBXProject;
			attributes = {
				BuildIndependentTargetsInParallel = 1;
				LastSwiftUpdateCheck = 1500;
				LastUpgradeCheck = 1500;
				TargetAttributes = {
					5557EAF72AE6510200DFB5E3 = {
						CreatedOnToolsVersion = 15.0.1;
					};
					5557EB0D2AE6510400DFB5E3 = {
						CreatedOnToolsVersion = 15.0.1;
						TestTargetID = 5557EAF72AE6510200DFB5E3;
					};
					5557EB172AE6510400DFB5E3 = {
						CreatedOnToolsVersion = 15.0.1;
						TestTargetID = 5557EAF72AE6510200DFB5E3;
					};
				};
			};
			buildConfigurationList = 5557EAF32AE6510200DFB5E3 /* Build configuration list for PBXProject "DemoListPhoto" */;
			compatibilityVersion = "Xcode 14.0";
			developmentRegion = en;
			hasScannedForEncodings = 0;
			knownRegions = (
				en,
				Base,
				vi,
				ko,
			);
			mainGroup = 5557EAEF2AE6510200DFB5E3;
			productRefGroup = 5557EAF92AE6510200DFB5E3 /* Products */;
			projectDirPath = "";
			projectRoot = "";
			targets = (
				5557EAF72AE6510200DFB5E3 /* DemoListPhoto */,
				5557EB0D2AE6510400DFB5E3 /* DemoListPhotoTests */,
				5557EB172AE6510400DFB5E3 /* DemoListPhotoUITests */,
			);
		};
/* End PBXProject section */

/* Begin PBXResourcesBuildPhase section */
		5557EAF62AE6510200DFB5E3 /* Resources */ = {
			isa = PBXResourcesBuildPhase;
			buildActionMask = 2147483647;
			files = (
				5557EB392AE66F3E00DFB5E3 /* PhotoTableViewCell.xib in Resources */,
				552E79172AF093EC005F19A8 /* ExpandedTableViewController.xib in Resources */,
				5506530B2AEA6B8800B0552C /* Localizable.strings in Resources */,
				5557EB082AE6510400DFB5E3 /* LaunchScreen.storyboard in Resources */,
				559E33BD2AE7601F00B674C6 /* Assets.xcassets in Resources */,
				559E33CC2AE7AA1300B674C6 /* DescriptionViewController.xib in Resources */,
				552E791D2AF09E04005F19A8 /* ExpandedTableViewCell.xib in Resources */,
				5557EB032AE6510200DFB5E3 /* Main.storyboard in Resources */,
				55BA2B9B2AEBB3B200F1C550 /* VideoPlayViewController.xib in Resources */,
				55BA2B9F2AEBB5EF00F1C550 /* test.mp4 in Resources */,
			);
			runOnlyForDeploymentPostprocessing = 0;
		};
		5557EB0C2AE6510400DFB5E3 /* Resources */ = {
			isa = PBXResourcesBuildPhase;
			buildActionMask = 2147483647;
			files = (
			);
			runOnlyForDeploymentPostprocessing = 0;
		};
		5557EB162AE6510400DFB5E3 /* Resources */ = {
			isa = PBXResourcesBuildPhase;
			buildActionMask = 2147483647;
			files = (
			);
			runOnlyForDeploymentPostprocessing = 0;
		};
/* End PBXResourcesBuildPhase section */

/* Begin PBXShellScriptBuildPhase section */
		2E48FBE003BA36F94AC4BDC5 /* [CP] Check Pods Manifest.lock */ = {
			isa = PBXShellScriptBuildPhase;
			buildActionMask = 2147483647;
			files = (
			);
			inputFileListPaths = (
			);
			inputPaths = (
				"${PODS_PODFILE_DIR_PATH}/Podfile.lock",
				"${PODS_ROOT}/Manifest.lock",
			);
			name = "[CP] Check Pods Manifest.lock";
			outputFileListPaths = (
			);
			outputPaths = (
				"$(DERIVED_FILE_DIR)/Pods-DemoListPhoto-checkManifestLockResult.txt",
			);
			runOnlyForDeploymentPostprocessing = 0;
			shellPath = /bin/sh;
			shellScript = "diff \"${PODS_PODFILE_DIR_PATH}/Podfile.lock\" \"${PODS_ROOT}/Manifest.lock\" > /dev/null\nif [ $? != 0 ] ; then\n    # print error to STDERR\n    echo \"error: The sandbox is not in sync with the Podfile.lock. Run 'pod install' or update your CocoaPods installation.\" >&2\n    exit 1\nfi\n# This output is used by Xcode 'outputs' to avoid re-running this script phase.\necho \"SUCCESS\" > \"${SCRIPT_OUTPUT_FILE_0}\"\n";
			showEnvVarsInLog = 0;
		};
		30EDD2E5E21E1EE8E33F53EC /* [CP] Embed Pods Frameworks */ = {
			isa = PBXShellScriptBuildPhase;
			buildActionMask = 2147483647;
			files = (
			);
			inputFileListPaths = (
				"${PODS_ROOT}/Target Support Files/Pods-DemoListPhoto/Pods-DemoListPhoto-frameworks-${CONFIGURATION}-input-files.xcfilelist",
			);
			name = "[CP] Embed Pods Frameworks";
			outputFileListPaths = (
				"${PODS_ROOT}/Target Support Files/Pods-DemoListPhoto/Pods-DemoListPhoto-frameworks-${CONFIGURATION}-output-files.xcfilelist",
			);
			runOnlyForDeploymentPostprocessing = 0;
			shellPath = /bin/sh;
			shellScript = "\"${PODS_ROOT}/Target Support Files/Pods-DemoListPhoto/Pods-DemoListPhoto-frameworks.sh\"\n";
			showEnvVarsInLog = 0;
		};
		5C70877386C374880D90942F /* [CP] Check Pods Manifest.lock */ = {
			isa = PBXShellScriptBuildPhase;
			buildActionMask = 2147483647;
			files = (
			);
			inputFileListPaths = (
			);
			inputPaths = (
				"${PODS_PODFILE_DIR_PATH}/Podfile.lock",
				"${PODS_ROOT}/Manifest.lock",
			);
			name = "[CP] Check Pods Manifest.lock";
			outputFileListPaths = (
			);
			outputPaths = (
				"$(DERIVED_FILE_DIR)/Pods-DemoListPhoto-DemoListPhotoUITests-checkManifestLockResult.txt",
			);
			runOnlyForDeploymentPostprocessing = 0;
			shellPath = /bin/sh;
			shellScript = "diff \"${PODS_PODFILE_DIR_PATH}/Podfile.lock\" \"${PODS_ROOT}/Manifest.lock\" > /dev/null\nif [ $? != 0 ] ; then\n    # print error to STDERR\n    echo \"error: The sandbox is not in sync with the Podfile.lock. Run 'pod install' or update your CocoaPods installation.\" >&2\n    exit 1\nfi\n# This output is used by Xcode 'outputs' to avoid re-running this script phase.\necho \"SUCCESS\" > \"${SCRIPT_OUTPUT_FILE_0}\"\n";
			showEnvVarsInLog = 0;
		};
		63DBD6707450D4B415C5A645 /* [CP] Embed Pods Frameworks */ = {
			isa = PBXShellScriptBuildPhase;
			buildActionMask = 2147483647;
			files = (
			);
			inputFileListPaths = (
				"${PODS_ROOT}/Target Support Files/Pods-DemoListPhoto-DemoListPhotoUITests/Pods-DemoListPhoto-DemoListPhotoUITests-frameworks-${CONFIGURATION}-input-files.xcfilelist",
			);
			name = "[CP] Embed Pods Frameworks";
			outputFileListPaths = (
				"${PODS_ROOT}/Target Support Files/Pods-DemoListPhoto-DemoListPhotoUITests/Pods-DemoListPhoto-DemoListPhotoUITests-frameworks-${CONFIGURATION}-output-files.xcfilelist",
			);
			runOnlyForDeploymentPostprocessing = 0;
			shellPath = /bin/sh;
			shellScript = "\"${PODS_ROOT}/Target Support Files/Pods-DemoListPhoto-DemoListPhotoUITests/Pods-DemoListPhoto-DemoListPhotoUITests-frameworks.sh\"\n";
			showEnvVarsInLog = 0;
		};
		6B4A4BEB529365F9D00E94F1 /* [CP] Check Pods Manifest.lock */ = {
			isa = PBXShellScriptBuildPhase;
			buildActionMask = 2147483647;
			files = (
			);
			inputFileListPaths = (
			);
			inputPaths = (
				"${PODS_PODFILE_DIR_PATH}/Podfile.lock",
				"${PODS_ROOT}/Manifest.lock",
			);
			name = "[CP] Check Pods Manifest.lock";
			outputFileListPaths = (
			);
			outputPaths = (
				"$(DERIVED_FILE_DIR)/Pods-DemoListPhotoTests-checkManifestLockResult.txt",
			);
			runOnlyForDeploymentPostprocessing = 0;
			shellPath = /bin/sh;
			shellScript = "diff \"${PODS_PODFILE_DIR_PATH}/Podfile.lock\" \"${PODS_ROOT}/Manifest.lock\" > /dev/null\nif [ $? != 0 ] ; then\n    # print error to STDERR\n    echo \"error: The sandbox is not in sync with the Podfile.lock. Run 'pod install' or update your CocoaPods installation.\" >&2\n    exit 1\nfi\n# This output is used by Xcode 'outputs' to avoid re-running this script phase.\necho \"SUCCESS\" > \"${SCRIPT_OUTPUT_FILE_0}\"\n";
			showEnvVarsInLog = 0;
		};
/* End PBXShellScriptBuildPhase section */

/* Begin PBXSourcesBuildPhase section */
		5557EAF42AE6510200DFB5E3 /* Sources */ = {
			isa = PBXSourcesBuildPhase;
			buildActionMask = 2147483647;
			files = (
				55872AA62AEF50180024F0CD /* CustomButton.swift in Sources */,
				55BA2BA22AEBBC4F00F1C550 /* CustomGradientLabelView.swift in Sources */,
				552E79242AF0D28B005F19A8 /* CellDataViewModel.swift in Sources */,
				552E791C2AF09E04005F19A8 /* ExpandedTableViewCell.swift in Sources */,
				557D572D2AE6B9D300ED1A14 /* CacheData.swift in Sources */,
				5592C33F2AEF845100A4637B /* Colors.swift in Sources */,
				5557EB382AE66F3E00DFB5E3 /* PhotoTableViewCell.swift in Sources */,
				5557EB002AE6510200DFB5E3 /* ViewController.swift in Sources */,
				5557EB342AE663C400DFB5E3 /* PhotoViewModel.swift in Sources */,
				5557EAFC2AE6510200DFB5E3 /* AppDelegate.swift in Sources */,
				5557EB302AE651BD00DFB5E3 /* APIService.swift in Sources */,
				550F57172AEA3F550008D261 /* LocalizableConfig.swift in Sources */,
				552E79162AF093EC005F19A8 /* ExpandedTableViewController.swift in Sources */,
				559E33CB2AE7AA1300B674C6 /* DescriptionViewController.swift in Sources */,
				552E79212AF0D077005F19A8 /* ExpandedData.swift in Sources */,
				5557EB322AE65D3200DFB5E3 /* PhotoModel.swift in Sources */,
				55BA2B9A2AEBB3B200F1C550 /* VideoPlayViewController.swift in Sources */,
				5557EAFE2AE6510200DFB5E3 /* SceneDelegate.swift in Sources */,
			);
			runOnlyForDeploymentPostprocessing = 0;
		};
		5557EB0A2AE6510400DFB5E3 /* Sources */ = {
			isa = PBXSourcesBuildPhase;
			buildActionMask = 2147483647;
			files = (
				5557EB132AE6510400DFB5E3 /* DemoListPhotoTests.swift in Sources */,
			);
			runOnlyForDeploymentPostprocessing = 0;
		};
		5557EB142AE6510400DFB5E3 /* Sources */ = {
			isa = PBXSourcesBuildPhase;
			buildActionMask = 2147483647;
			files = (
				5557EB1F2AE6510400DFB5E3 /* DemoListPhotoUITestsLaunchTests.swift in Sources */,
				5557EB1D2AE6510400DFB5E3 /* DemoListPhotoUITests.swift in Sources */,
			);
			runOnlyForDeploymentPostprocessing = 0;
		};
/* End PBXSourcesBuildPhase section */

/* Begin PBXTargetDependency section */
		5557EB102AE6510400DFB5E3 /* PBXTargetDependency */ = {
			isa = PBXTargetDependency;
			target = 5557EAF72AE6510200DFB5E3 /* DemoListPhoto */;
			targetProxy = 5557EB0F2AE6510400DFB5E3 /* PBXContainerItemProxy */;
		};
		5557EB1A2AE6510400DFB5E3 /* PBXTargetDependency */ = {
			isa = PBXTargetDependency;
			target = 5557EAF72AE6510200DFB5E3 /* DemoListPhoto */;
			targetProxy = 5557EB192AE6510400DFB5E3 /* PBXContainerItemProxy */;
		};
/* End PBXTargetDependency section */

/* Begin PBXVariantGroup section */
		550F571A2AEA4DD50008D261 /* Localizable.strings */ = {
			isa = PBXVariantGroup;
			children = (
				550F57192AEA4DD50008D261 /* en */,
				550F571B2AEA4DF20008D261 /* vi */,
				550F571C2AEA4E050008D261 /* ko */,
			);
			name = Localizable.strings;
			sourceTree = "<group>";
		};
		5557EB012AE6510200DFB5E3 /* Main.storyboard */ = {
			isa = PBXVariantGroup;
			children = (
				5557EB022AE6510200DFB5E3 /* Base */,
			);
			name = Main.storyboard;
			sourceTree = "<group>";
		};
		5557EB062AE6510400DFB5E3 /* LaunchScreen.storyboard */ = {
			isa = PBXVariantGroup;
			children = (
				5557EB072AE6510400DFB5E3 /* Base */,
			);
			name = LaunchScreen.storyboard;
			sourceTree = "<group>";
		};
		55BA2B9E2AEBB55200F1C550 /* test.mp4 */ = {
			isa = PBXVariantGroup;
			children = (
				55BA2B9D2AEBB55200F1C550 /* Base */,
			);
			name = test.mp4;
			path = DemoListPhoto/PlayVideo;
			sourceTree = SOURCE_ROOT;
		};
/* End PBXVariantGroup section */

/* Begin XCBuildConfiguration section */
		5557EB202AE6510400DFB5E3 /* Debug */ = {
			isa = XCBuildConfiguration;
			buildSettings = {
				ALWAYS_SEARCH_USER_PATHS = NO;
				ASSETCATALOG_COMPILER_GENERATE_SWIFT_ASSET_SYMBOL_EXTENSIONS = YES;
				CLANG_ANALYZER_LOCALIZABILITY_NONLOCALIZED = YES;
				CLANG_ANALYZER_NONNULL = YES;
				CLANG_ANALYZER_NUMBER_OBJECT_CONVERSION = YES_AGGRESSIVE;
				CLANG_CXX_LANGUAGE_STANDARD = "gnu++20";
				CLANG_ENABLE_MODULES = YES;
				CLANG_ENABLE_OBJC_ARC = YES;
				CLANG_ENABLE_OBJC_WEAK = YES;
				CLANG_WARN_BLOCK_CAPTURE_AUTORELEASING = YES;
				CLANG_WARN_BOOL_CONVERSION = YES;
				CLANG_WARN_COMMA = YES;
				CLANG_WARN_CONSTANT_CONVERSION = YES;
				CLANG_WARN_DEPRECATED_OBJC_IMPLEMENTATIONS = YES;
				CLANG_WARN_DIRECT_OBJC_ISA_USAGE = YES_ERROR;
				CLANG_WARN_DOCUMENTATION_COMMENTS = YES;
				CLANG_WARN_EMPTY_BODY = YES;
				CLANG_WARN_ENUM_CONVERSION = YES;
				CLANG_WARN_INFINITE_RECURSION = YES;
				CLANG_WARN_INT_CONVERSION = YES;
				CLANG_WARN_NON_LITERAL_NULL_CONVERSION = YES;
				CLANG_WARN_OBJC_IMPLICIT_RETAIN_SELF = YES;
				CLANG_WARN_OBJC_LITERAL_CONVERSION = YES;
				CLANG_WARN_OBJC_ROOT_CLASS = YES_ERROR;
				CLANG_WARN_QUOTED_INCLUDE_IN_FRAMEWORK_HEADER = YES;
				CLANG_WARN_RANGE_LOOP_ANALYSIS = YES;
				CLANG_WARN_STRICT_PROTOTYPES = YES;
				CLANG_WARN_SUSPICIOUS_MOVE = YES;
				CLANG_WARN_UNGUARDED_AVAILABILITY = YES_AGGRESSIVE;
				CLANG_WARN_UNREACHABLE_CODE = YES;
				CLANG_WARN__DUPLICATE_METHOD_MATCH = YES;
				COPY_PHASE_STRIP = NO;
				DEBUG_INFORMATION_FORMAT = dwarf;
				ENABLE_STRICT_OBJC_MSGSEND = YES;
				ENABLE_TESTABILITY = YES;
				ENABLE_USER_SCRIPT_SANDBOXING = NO;
				GCC_C_LANGUAGE_STANDARD = gnu17;
				GCC_DYNAMIC_NO_PIC = NO;
				GCC_NO_COMMON_BLOCKS = YES;
				GCC_OPTIMIZATION_LEVEL = 0;
				GCC_PREPROCESSOR_DEFINITIONS = (
					"DEBUG=1",
					"$(inherited)",
				);
				GCC_WARN_64_TO_32_BIT_CONVERSION = YES;
				GCC_WARN_ABOUT_RETURN_TYPE = YES_ERROR;
				GCC_WARN_UNDECLARED_SELECTOR = YES;
				GCC_WARN_UNINITIALIZED_AUTOS = YES_AGGRESSIVE;
				GCC_WARN_UNUSED_FUNCTION = YES;
				GCC_WARN_UNUSED_VARIABLE = YES;
				IPHONEOS_DEPLOYMENT_TARGET = 15.0;
				LOCALIZATION_PREFERS_STRING_CATALOGS = YES;
				MTL_ENABLE_DEBUG_INFO = INCLUDE_SOURCE;
				MTL_FAST_MATH = YES;
				ONLY_ACTIVE_ARCH = YES;
				SDKROOT = iphoneos;
				SWIFT_ACTIVE_COMPILATION_CONDITIONS = "DEBUG $(inherited)";
				SWIFT_OPTIMIZATION_LEVEL = "-Onone";
			};
			name = Debug;
		};
		5557EB212AE6510400DFB5E3 /* Release */ = {
			isa = XCBuildConfiguration;
			buildSettings = {
				ALWAYS_SEARCH_USER_PATHS = NO;
				ASSETCATALOG_COMPILER_GENERATE_SWIFT_ASSET_SYMBOL_EXTENSIONS = YES;
				CLANG_ANALYZER_LOCALIZABILITY_NONLOCALIZED = YES;
				CLANG_ANALYZER_NONNULL = YES;
				CLANG_ANALYZER_NUMBER_OBJECT_CONVERSION = YES_AGGRESSIVE;
				CLANG_CXX_LANGUAGE_STANDARD = "gnu++20";
				CLANG_ENABLE_MODULES = YES;
				CLANG_ENABLE_OBJC_ARC = YES;
				CLANG_ENABLE_OBJC_WEAK = YES;
				CLANG_WARN_BLOCK_CAPTURE_AUTORELEASING = YES;
				CLANG_WARN_BOOL_CONVERSION = YES;
				CLANG_WARN_COMMA = YES;
				CLANG_WARN_CONSTANT_CONVERSION = YES;
				CLANG_WARN_DEPRECATED_OBJC_IMPLEMENTATIONS = YES;
				CLANG_WARN_DIRECT_OBJC_ISA_USAGE = YES_ERROR;
				CLANG_WARN_DOCUMENTATION_COMMENTS = YES;
				CLANG_WARN_EMPTY_BODY = YES;
				CLANG_WARN_ENUM_CONVERSION = YES;
				CLANG_WARN_INFINITE_RECURSION = YES;
				CLANG_WARN_INT_CONVERSION = YES;
				CLANG_WARN_NON_LITERAL_NULL_CONVERSION = YES;
				CLANG_WARN_OBJC_IMPLICIT_RETAIN_SELF = YES;
				CLANG_WARN_OBJC_LITERAL_CONVERSION = YES;
				CLANG_WARN_OBJC_ROOT_CLASS = YES_ERROR;
				CLANG_WARN_QUOTED_INCLUDE_IN_FRAMEWORK_HEADER = YES;
				CLANG_WARN_RANGE_LOOP_ANALYSIS = YES;
				CLANG_WARN_STRICT_PROTOTYPES = YES;
				CLANG_WARN_SUSPICIOUS_MOVE = YES;
				CLANG_WARN_UNGUARDED_AVAILABILITY = YES_AGGRESSIVE;
				CLANG_WARN_UNREACHABLE_CODE = YES;
				CLANG_WARN__DUPLICATE_METHOD_MATCH = YES;
				COPY_PHASE_STRIP = NO;
				DEBUG_INFORMATION_FORMAT = "dwarf-with-dsym";
				ENABLE_NS_ASSERTIONS = NO;
				ENABLE_STRICT_OBJC_MSGSEND = YES;
				ENABLE_USER_SCRIPT_SANDBOXING = NO;
				GCC_C_LANGUAGE_STANDARD = gnu17;
				GCC_NO_COMMON_BLOCKS = YES;
				GCC_WARN_64_TO_32_BIT_CONVERSION = YES;
				GCC_WARN_ABOUT_RETURN_TYPE = YES_ERROR;
				GCC_WARN_UNDECLARED_SELECTOR = YES;
				GCC_WARN_UNINITIALIZED_AUTOS = YES_AGGRESSIVE;
				GCC_WARN_UNUSED_FUNCTION = YES;
				GCC_WARN_UNUSED_VARIABLE = YES;
				IPHONEOS_DEPLOYMENT_TARGET = 15.0;
				LOCALIZATION_PREFERS_STRING_CATALOGS = YES;
				MTL_ENABLE_DEBUG_INFO = NO;
				MTL_FAST_MATH = YES;
				SDKROOT = iphoneos;
				SWIFT_COMPILATION_MODE = wholemodule;
				VALIDATE_PRODUCT = YES;
			};
			name = Release;
		};
		5557EB232AE6510400DFB5E3 /* Debug */ = {
			isa = XCBuildConfiguration;
			baseConfigurationReference = 4BF52B741B0C506FBC3DB4B2 /* Pods-DemoListPhoto.debug.xcconfig */;
			buildSettings = {
				ASSETCATALOG_COMPILER_APPICON_NAME = AppIcon;
				ASSETCATALOG_COMPILER_GLOBAL_ACCENT_COLOR_NAME = AccentColor;
				CODE_SIGN_STYLE = Automatic;
				CURRENT_PROJECT_VERSION = 1;
				DEVELOPMENT_TEAM = 8U368U57XX;
				GENERATE_INFOPLIST_FILE = YES;
				INFOPLIST_FILE = DemoListPhoto/Info.plist;
				INFOPLIST_KEY_UIApplicationSupportsIndirectInputEvents = YES;
				INFOPLIST_KEY_UILaunchStoryboardName = LaunchScreen;
				INFOPLIST_KEY_UIMainStoryboardFile = Main;
				INFOPLIST_KEY_UISupportedInterfaceOrientations_iPad = "UIInterfaceOrientationPortrait UIInterfaceOrientationPortraitUpsideDown UIInterfaceOrientationLandscapeLeft UIInterfaceOrientationLandscapeRight";
				INFOPLIST_KEY_UISupportedInterfaceOrientations_iPhone = "UIInterfaceOrientationPortrait UIInterfaceOrientationLandscapeLeft UIInterfaceOrientationLandscapeRight";
				IPHONEOS_DEPLOYMENT_TARGET = 15.0;
				LD_RUNPATH_SEARCH_PATHS = (
					"$(inherited)",
					"@executable_path/Frameworks",
				);
				MARKETING_VERSION = 1.0;
				PRODUCT_BUNDLE_IDENTIFIER = demoCelebe.DemoListPhoto;
				PRODUCT_NAME = "$(TARGET_NAME)";
				SWIFT_EMIT_LOC_STRINGS = YES;
				SWIFT_VERSION = 5.0;
				TARGETED_DEVICE_FAMILY = "1,2";
			};
			name = Debug;
		};
		5557EB242AE6510400DFB5E3 /* Release */ = {
			isa = XCBuildConfiguration;
			baseConfigurationReference = 0EC2A32A2F8F1E54CD712403 /* Pods-DemoListPhoto.release.xcconfig */;
			buildSettings = {
				ASSETCATALOG_COMPILER_APPICON_NAME = AppIcon;
				ASSETCATALOG_COMPILER_GLOBAL_ACCENT_COLOR_NAME = AccentColor;
				CODE_SIGN_STYLE = Automatic;
				CURRENT_PROJECT_VERSION = 1;
				DEVELOPMENT_TEAM = 8U368U57XX;
				GENERATE_INFOPLIST_FILE = YES;
				INFOPLIST_FILE = DemoListPhoto/Info.plist;
				INFOPLIST_KEY_UIApplicationSupportsIndirectInputEvents = YES;
				INFOPLIST_KEY_UILaunchStoryboardName = LaunchScreen;
				INFOPLIST_KEY_UIMainStoryboardFile = Main;
				INFOPLIST_KEY_UISupportedInterfaceOrientations_iPad = "UIInterfaceOrientationPortrait UIInterfaceOrientationPortraitUpsideDown UIInterfaceOrientationLandscapeLeft UIInterfaceOrientationLandscapeRight";
				INFOPLIST_KEY_UISupportedInterfaceOrientations_iPhone = "UIInterfaceOrientationPortrait UIInterfaceOrientationLandscapeLeft UIInterfaceOrientationLandscapeRight";
				IPHONEOS_DEPLOYMENT_TARGET = 15.0;
				LD_RUNPATH_SEARCH_PATHS = (
					"$(inherited)",
					"@executable_path/Frameworks",
				);
				MARKETING_VERSION = 1.0;
				PRODUCT_BUNDLE_IDENTIFIER = demoCelebe.DemoListPhoto;
				PRODUCT_NAME = "$(TARGET_NAME)";
				SWIFT_EMIT_LOC_STRINGS = YES;
				SWIFT_VERSION = 5.0;
				TARGETED_DEVICE_FAMILY = "1,2";
			};
			name = Release;
		};
		5557EB262AE6510400DFB5E3 /* Debug */ = {
			isa = XCBuildConfiguration;
			baseConfigurationReference = 9A0F36CDA693BEC800AE053D /* Pods-DemoListPhotoTests.debug.xcconfig */;
			buildSettings = {
				ALWAYS_EMBED_SWIFT_STANDARD_LIBRARIES = YES;
				BUNDLE_LOADER = "$(TEST_HOST)";
				CODE_SIGN_STYLE = Automatic;
				CURRENT_PROJECT_VERSION = 1;
				GENERATE_INFOPLIST_FILE = YES;
				IPHONEOS_DEPLOYMENT_TARGET = 17.0;
				MARKETING_VERSION = 1.0;
				PRODUCT_BUNDLE_IDENTIFIER = demoCelebe.DemoListPhotoTests;
				PRODUCT_NAME = "$(TARGET_NAME)";
				SWIFT_EMIT_LOC_STRINGS = NO;
				SWIFT_VERSION = 5.0;
				TARGETED_DEVICE_FAMILY = "1,2";
				TEST_HOST = "$(BUILT_PRODUCTS_DIR)/DemoListPhoto.app/$(BUNDLE_EXECUTABLE_FOLDER_PATH)/DemoListPhoto";
			};
			name = Debug;
		};
		5557EB272AE6510400DFB5E3 /* Release */ = {
			isa = XCBuildConfiguration;
			baseConfigurationReference = 2E879B44A5070C5822BCB224 /* Pods-DemoListPhotoTests.release.xcconfig */;
			buildSettings = {
				ALWAYS_EMBED_SWIFT_STANDARD_LIBRARIES = YES;
				BUNDLE_LOADER = "$(TEST_HOST)";
				CODE_SIGN_STYLE = Automatic;
				CURRENT_PROJECT_VERSION = 1;
				GENERATE_INFOPLIST_FILE = YES;
				IPHONEOS_DEPLOYMENT_TARGET = 17.0;
				MARKETING_VERSION = 1.0;
				PRODUCT_BUNDLE_IDENTIFIER = demoCelebe.DemoListPhotoTests;
				PRODUCT_NAME = "$(TARGET_NAME)";
				SWIFT_EMIT_LOC_STRINGS = NO;
				SWIFT_VERSION = 5.0;
				TARGETED_DEVICE_FAMILY = "1,2";
				TEST_HOST = "$(BUILT_PRODUCTS_DIR)/DemoListPhoto.app/$(BUNDLE_EXECUTABLE_FOLDER_PATH)/DemoListPhoto";
			};
			name = Release;
		};
		5557EB292AE6510400DFB5E3 /* Debug */ = {
			isa = XCBuildConfiguration;
			baseConfigurationReference = 709C1548DFF6D2D238CF64A7 /* Pods-DemoListPhoto-DemoListPhotoUITests.debug.xcconfig */;
			buildSettings = {
				ALWAYS_EMBED_SWIFT_STANDARD_LIBRARIES = YES;
				CODE_SIGN_STYLE = Automatic;
				CURRENT_PROJECT_VERSION = 1;
				GENERATE_INFOPLIST_FILE = YES;
				MARKETING_VERSION = 1.0;
				PRODUCT_BUNDLE_IDENTIFIER = demoCelebe.DemoListPhotoUITests;
				PRODUCT_NAME = "$(TARGET_NAME)";
				SWIFT_EMIT_LOC_STRINGS = NO;
				SWIFT_VERSION = 5.0;
				TARGETED_DEVICE_FAMILY = "1,2";
				TEST_TARGET_NAME = DemoListPhoto;
			};
			name = Debug;
		};
		5557EB2A2AE6510400DFB5E3 /* Release */ = {
			isa = XCBuildConfiguration;
			baseConfigurationReference = DAE0E2FD282852237351BE96 /* Pods-DemoListPhoto-DemoListPhotoUITests.release.xcconfig */;
			buildSettings = {
				ALWAYS_EMBED_SWIFT_STANDARD_LIBRARIES = YES;
				CODE_SIGN_STYLE = Automatic;
				CURRENT_PROJECT_VERSION = 1;
				GENERATE_INFOPLIST_FILE = YES;
				MARKETING_VERSION = 1.0;
				PRODUCT_BUNDLE_IDENTIFIER = demoCelebe.DemoListPhotoUITests;
				PRODUCT_NAME = "$(TARGET_NAME)";
				SWIFT_EMIT_LOC_STRINGS = NO;
				SWIFT_VERSION = 5.0;
				TARGETED_DEVICE_FAMILY = "1,2";
				TEST_TARGET_NAME = DemoListPhoto;
			};
			name = Release;
		};
/* End XCBuildConfiguration section */

/* Begin XCConfigurationList section */
		5557EAF32AE6510200DFB5E3 /* Build configuration list for PBXProject "DemoListPhoto" */ = {
			isa = XCConfigurationList;
			buildConfigurations = (
				5557EB202AE6510400DFB5E3 /* Debug */,
				5557EB212AE6510400DFB5E3 /* Release */,
			);
			defaultConfigurationIsVisible = 0;
			defaultConfigurationName = Release;
		};
		5557EB222AE6510400DFB5E3 /* Build configuration list for PBXNativeTarget "DemoListPhoto" */ = {
			isa = XCConfigurationList;
			buildConfigurations = (
				5557EB232AE6510400DFB5E3 /* Debug */,
				5557EB242AE6510400DFB5E3 /* Release */,
			);
			defaultConfigurationIsVisible = 0;
			defaultConfigurationName = Release;
		};
		5557EB252AE6510400DFB5E3 /* Build configuration list for PBXNativeTarget "DemoListPhotoTests" */ = {
			isa = XCConfigurationList;
			buildConfigurations = (
				5557EB262AE6510400DFB5E3 /* Debug */,
				5557EB272AE6510400DFB5E3 /* Release */,
			);
			defaultConfigurationIsVisible = 0;
			defaultConfigurationName = Release;
		};
		5557EB282AE6510400DFB5E3 /* Build configuration list for PBXNativeTarget "DemoListPhotoUITests" */ = {
			isa = XCConfigurationList;
			buildConfigurations = (
				5557EB292AE6510400DFB5E3 /* Debug */,
				5557EB2A2AE6510400DFB5E3 /* Release */,
			);
			defaultConfigurationIsVisible = 0;
			defaultConfigurationName = Release;
		};
/* End XCConfigurationList section */
	};
	rootObject = 5557EAF02AE6510200DFB5E3 /* Project object */;
}
